
Microsoft Visual Studio Solution File, Format Version 12.00
# Visual Studio 15
VisualStudioVersion = 15.0.28307.960
MinimumVisualStudioVersion = 10.0.40219.1
Project("{FAE04EC0-301F-11D3-BF4B-00C04F79EFBC}") = "ConsoleApp", "ConsoleApp\ConsoleApp.csproj", "{1DD2EAC5-EA01-4512-B70E-6E7F06BEF991}"
EndProject
Project("{FAE04EC0-301F-11D3-BF4B-00C04F79EFBC}") = "UnitTestProject", "UnitTestProject\UnitTestProject.csproj", "{CF671226-FEEF-4D82-B516-92BBA5B7F7E4}"
EndProject
Global
	GlobalSection(SolutionConfigurationPlatforms) = preSolution
		Debug|Any CPU = Debug|Any CPU
		Release|Any CPU = Release|Any CPU
	EndGlobalSection
	GlobalSection(ProjectConfigurationPlatforms) = postSolution
		{1DD2EAC5-EA01-4512-B70E-6E7F06BEF991}.Debug|Any CPU.ActiveCfg = Debug|Any CPU
		{1DD2EAC5-EA01-4512-B70E-6E7F06BEF991}.Debug|Any CPU.Build.0 = Debug|Any CPU
		{1DD2EAC5-EA01-4512-B70E-6E7F06BEF991}.Release|Any CPU.ActiveCfg = Release|Any CPU
		{1DD2EAC5-EA01-4512-B70E-6E7F06BEF991}.Release|Any CPU.Build.0 = Release|Any CPU
		{CF671226-FEEF-4D82-B516-92BBA5B7F7E4}.Debug|Any CPU.ActiveCfg = Debug|Any CPU
		{CF671226-FEEF-4D82-B516-92BBA5B7F7E4}.Debug|Any CPU.Build.0 = Debug|Any CPU
		{CF671226-FEEF-4D82-B516-92BBA5B7F7E4}.Release|Any CPU.ActiveCfg = Release|Any CPU
		{CF671226-FEEF-4D82-B516-92BBA5B7F7E4}.Release|Any CPU.Build.0 = Release|Any CPU
	EndGlobalSection
	GlobalSection(SolutionProperties) = preSolution
		HideSolutionNode = FALSE
	EndGlobalSection
	GlobalSection(ExtensibilityGlobals) = postSolution
		SolutionGuid = {5BA16BB9-70AF-48D5-9E14-EC0E71929EF6}
	EndGlobalSection
EndGlobal
